
Microsoft Visual Studio Solution File, Format Version 12.00
# Visual Studio Version 17
VisualStudioVersion = 17.9.34723.18
MinimumVisualStudioVersion = 10.0.40219.1
Project("{FAE04EC0-301F-11D3-BF4B-00C04F79EFBC}") = "TP-WinForm", "TP-WinForm\TP-WinForm.csproj", "{81F48D0D-650E-427B-97FF-5E7F66A9B940}"
EndProject
Global
	GlobalSection(SolutionConfigurationPlatforms) = preSolution
		Debug|Any CPU = Debug|Any CPU
		Release|Any CPU = Release|Any CPU
	EndGlobalSection
	GlobalSection(ProjectConfigurationPlatforms) = postSolution
		{81F48D0D-650E-427B-97FF-5E7F66A9B940}.Debug|Any CPU.ActiveCfg = Debug|Any CPU
		{81F48D0D-650E-427B-97FF-5E7F66A9B940}.Debug|Any CPU.Build.0 = Debug|Any CPU
		{81F48D0D-650E-427B-97FF-5E7F66A9B940}.Release|Any CPU.ActiveCfg = Release|Any CPU
		{81F48D0D-650E-427B-97FF-5E7F66A9B940}.Release|Any CPU.Build.0 = Release|Any CPU
	EndGlobalSection
	GlobalSection(SolutionProperties) = preSolution
		HideSolutionNode = FALSE
	EndGlobalSection
	GlobalSection(ExtensibilityGlobals) = postSolution
		SolutionGuid = {E83CA97A-42B8-42EC-A86C-F44319E10283}
	EndGlobalSection
EndGlobal
